// !$*UTF8*$!
{
	archiveVersion = 1;
	classes = {
	};
	objectVersion = 46;
	objects = {

/* Begin PBXBuildFile section */
		39694C3E1D8BF2A400A755CA /* AppDelegate.swift in Sources */ = {isa = PBXBuildFile; fileRef = 39694C3D1D8BF2A400A755CA /* AppDelegate.swift */; };
		39694C401D8BF2A400A755CA /* ViewController.swift in Sources */ = {isa = PBXBuildFile; fileRef = 39694C3F1D8BF2A400A755CA /* ViewController.swift */; };
		39694C431D8BF2A400A755CA /* Main.storyboard in Resources */ = {isa = PBXBuildFile; fileRef = 39694C411D8BF2A400A755CA /* Main.storyboard */; };
		39694C451D8BF2A400A755CA /* Assets.xcassets in Resources */ = {isa = PBXBuildFile; fileRef = 39694C441D8BF2A400A755CA /* Assets.xcassets */; };
		39694C481D8BF2A400A755CA /* LaunchScreen.storyboard in Resources */ = {isa = PBXBuildFile; fileRef = 39694C461D8BF2A400A755CA /* LaunchScreen.storyboard */; };
/* End PBXBuildFile section */

/* Begin PBXFileReference section */
		39694C3A1D8BF2A400A755CA /* CountSample.app */ = {isa = PBXFileReference; explicitFileType = wrapper.application; includeInIndex = 0; path = CountSample.app; sourceTree = BUILT_PRODUCTS_DIR; };
		39694C3D1D8BF2A400A755CA /* AppDelegate.swift */ = {isa = PBXFileReference; lastKnownFileType = sourcecode.swift; path = AppDelegate.swift; sourceTree = "<group>"; };
		39694C3F1D8BF2A400A755CA /* ViewController.swift */ = {isa = PBXFileReference; lastKnownFileType = sourcecode.swift; path = ViewController.swift; sourceTree = "<group>"; };
		39694C421D8BF2A400A755CA /* Base */ = {isa = PBXFileReference; lastKnownFileType = file.storyboard; name = Base; path = Base.lproj/Main.storyboard; sourceTree = "<group>"; };
		39694C441D8BF2A400A755CA /* Assets.xcassets */ = {isa = PBXFileReference; lastKnownFileType = folder.assetcatalog; path = Assets.xcassets; sourceTree = "<group>"; };
		39694C471D8BF2A400A755CA /* Base */ = {isa = PBXFileReference; lastKnownFileType = file.storyboard; name = Base; path = Base.lproj/LaunchScreen.storyboard; sourceTree = "<group>"; };
		39694C491D8BF2A400A755CA /* Info.plist */ = {isa = PBXFileReference; lastKnownFileType = text.plist.xml; path = Info.plist; sourceTree = "<group>"; };
/* End PBXFileReference section */

/* Begin PBXFrameworksBuildPhase section */
		39694C371D8BF2A400A755CA /* Frameworks */ = {
			isa = PBXFrameworksBuildPhase;
			buildActionMask = 2147483647;
			files = (
			);
			runOnlyForDeploymentPostprocessing = 0;
		};
/* End PBXFrameworksBuildPhase section */

/* Begin PBXGroup section */
		39694C311D8BF2A400A755CA = {
			isa = PBXGroup;
			children = (
				39694C3C1D8BF2A400A755CA /* CountSample */,
				39694C3B1D8BF2A400A755CA /* Products */,
			);
			sourceTree = "<group>";
		};
		39694C3B1D8BF2A400A755CA /* Products */ = {
			isa = PBXGroup;
			children = (
				39694C3A1D8BF2A400A755CA /* CountSample.app */,
			);
			name = Products;
			sourceTree = "<group>";
		};
		39694C3C1D8BF2A400A755CA /* CountSample */ = {
			isa = PBXGroup;
			children = (
				39694C3D1D8BF2A400A755CA /* AppDelegate.swift */,
				39694C3F1D8BF2A400A755CA /* ViewController.swift */,
				39694C411D8BF2A400A755CA /* Main.storyboard */,
				39694C441D8BF2A400A755CA /* Assets.xcassets */,
				39694C461D8BF2A400A755CA /* LaunchScreen.storyboard */,
				39694C491D8BF2A400A755CA /* Info.plist */,
			);
			path = CountSample;
			sourceTree = "<group>";
		};
/* End PBXGroup section */

/* Begin PBXNativeTarget section */
		39694C391D8BF2A400A755CA /* CountSample */ = {
			isa = PBXNativeTarget;
			buildConfigurationList = 39694C4C1D8BF2A400A755CA /* Build configuration list for PBXNativeTarget "CountSample" */;
			buildPhases = (
				39694C361D8BF2A400A755CA /* Sources */,
				39694C371D8BF2A400A755CA /* Frameworks */,
				39694C381D8BF2A400A755CA /* Resources */,
			);
			buildRules = (
			);
			dependencies = (
			);
			name = CountSample;
			productName = CountSample;
			productReference = 39694C3A1D8BF2A400A755CA /* CountSample.app */;
			productType = "com.apple.product-type.application";
		};
/* End PBXNativeTarget section */

/* Begin PBXProject section */
		39694C321D8BF2A400A755CA /* Project object */ = {
			isa = PBXProject;
			attributes = {
				LastSwiftUpdateCheck = 0800;
				LastUpgradeCheck = 0800;
				ORGANIZATIONNAME = ShinokiRyosei;
				TargetAttributes = {
					39694C391D8BF2A400A755CA = {
						CreatedOnToolsVersion = 8.0;
						DevelopmentTeam = SLHYE76MHB;
						ProvisioningStyle = Automatic;
					};
				};
			};
			buildConfigurationList = 39694C351D8BF2A400A755CA /* Build configuration list for PBXProject "CountSample" */;
			compatibilityVersion = "Xcode 3.2";
			developmentRegion = English;
			hasScannedForEncodings = 0;
			knownRegions = (
				en,
				Base,
			);
			mainGroup = 39694C311D8BF2A400A755CA;
			productRefGroup = 39694C3B1D8BF2A400A755CA /* Products */;
			projectDirPath = "";
			projectRoot = "";
			targets = (
				39694C391D8BF2A400A755CA /* CountSample */,
			);
		};
/* End PBXProject section */

/* Begin PBXResourcesBuildPhase section */
		39694C381D8BF2A400A755CA /* Resources */ = {
			isa = PBXResourcesBuildPhase;
			buildActionMask = 2147483647;
			files = (
				39694C481D8BF2A400A755CA /* LaunchScreen.storyboard in Resources */,
				39694C451D8BF2A400A755CA /* Assets.xcassets in Resources */,
				39694C431D8BF2A400A755CA /* Main.storyboard in Resources */,
			);
			runOnlyForDeploymentPostprocessing = 0;
		};
/* End PBXResourcesBuildPhase section */

/* Begin PBXSourcesBuildPhase section */
		39694C361D8BF2A400A755CA /* Sources */ = {
			isa = PBXSourcesBuildPhase;
			buildActionMask = 2147483647;
			files = (
				39694C401D8BF2A400A755CA /* ViewController.swift in Sources */,
				39694C3E1D8BF2A400A755CA /* AppDelegate.swift in Sources */,
			);
			runOnlyForDeploymentPostprocessing = 0;
		};
/* End PBXSourcesBuildPhase section */

/* Begin PBXVariantGroup section */
		39694C411D8BF2A400A755CA /* Main.storyboard */ = {
			isa = PBXVariantGroup;
			children = (
				39694C421D8BF2A400A755CA /* Base */,
			);
			name = Main.storyboard;
			sourceTree = "<group>";
		};
		39694C461D8BF2A400A755CA /* LaunchScreen.storyboard */ = {
			isa = PBXVariantGroup;
			children = (
				39694C471D8BF2A400A755CA /* Base */,
			);
			name = LaunchScreen.storyboard;
			sourceTree = "<group>";
		};
/* End PBXVariantGroup section */

/* Begin XCBuildConfiguration section */
		39694C4A1D8BF2A400A755CA /* Debug */ = {
			isa = XCBuildConfiguration;
			buildSettings = {
				ALWAYS_SEARCH_USER_PATHS = NO;
				CLANG_ANALYZER_NONNULL = YES;
				CLANG_CXX_LANGUAGE_STANDARD = "gnu++0x";
				CLANG_CXX_LIBRARY = "libc++";
				CLANG_ENABLE_MODULES = YES;
				CLANG_ENABLE_OBJC_ARC = YES;
				CLANG_WARN_BOOL_CONVERSION = YES;
				CLANG_WARN_CONSTANT_CONVERSION = YES;
				CLANG_WARN_DIRECT_OBJC_ISA_USAGE = YES_ERROR;
				CLANG_WARN_DOCUMENTATION_COMMENTS = YES;
				CLANG_WARN_EMPTY_BODY = YES;
				CLANG_WARN_ENUM_CONVERSION = YES;
				CLANG_WARN_INFINITE_RECURSION = YES;
				CLANG_WARN_INT_CONVERSION = YES;
				CLANG_WARN_OBJC_ROOT_CLASS = YES_ERROR;
				CLANG_WARN_SUSPICIOUS_MOVES = YES;
				CLANG_WARN_UNREACHABLE_CODE = YES;
				CLANG_WARN__DUPLICATE_METHOD_MATCH = YES;
				"CODE_SIGN_IDENTITY[sdk=iphoneos*]" = "iPhone Developer";
				COPY_PHASE_STRIP = NO;
				DEBUG_INFORMATION_FORMAT = dwarf;
				ENABLE_STRICT_OBJC_MSGSEND = YES;
				ENABLE_TESTABILITY = YES;
				GCC_C_LANGUAGE_STANDARD = gnu99;
				GCC_DYNAMIC_NO_PIC = NO;
				GCC_NO_COMMON_BLOCKS = YES;
				GCC_OPTIMIZATION_LEVEL = 0;
				GCC_PREPROCESSOR_DEFINITIONS = (
					"DEBUG=1",
					"$(inherited)",
				);
				GCC_WARN_64_TO_32_BIT_CONVERSION = YES;
				GCC_WARN_ABOUT_RETURN_TYPE = YES_ERROR;
				GCC_WARN_UNDECLARED_SELECTOR = YES;
				GCC_WARN_UNINITIALIZED_AUTOS = YES_AGGRESSIVE;
				GCC_WARN_UNUSED_FUNCTION = YES;
				GCC_WARN_UNUSED_VARIABLE = YES;
				IPHONEOS_DEPLOYMENT_TARGET = 10.0;
				MTL_ENABLE_DEBUG_INFO = YES;
				ONLY_ACTIVE_ARCH = YES;
				SDKROOT = iphoneos;
				SWIFT_ACTIVE_COMPILATION_CONDITIONS = DEBUG;
				SWIFT_OPTIMIZATION_LEVEL = "-Onone";
			};
			name = Debug;
		};
		39694C4B1D8BF2A400A755CA /* Release */ = {
			isa = XCBuildConfiguration;
			buildSettings = {
				ALWAYS_SEARCH_USER_PATHS = NO;
				CLANG_ANALYZER_NONNULL = YES;
				CLANG_CXX_LANGUAGE_STANDARD = "gnu++0x";
				CLANG_CXX_LIBRARY = "libc++";
				CLANG_ENABLE_MODULES = YES;
				CLANG_ENABLE_OBJC_ARC = YES;
				CLANG_WARN_BOOL_CONVERSION = YES;
				CLANG_WARN_CONSTANT_CONVERSION = YES;
				CLANG_WARN_DIRECT_OBJC_ISA_USAGE = YES_ERROR;
				CLANG_WARN_DOCUMENTATION_COMMENTS = YES;
				CLANG_WARN_EMPTY_BODY = YES;
				CLANG_WARN_ENUM_CONVERSION = YES;
				CLANG_WARN_INFINITE_RECURSION = YES;
				CLANG_WARN_INT_CONVERSION = YES;
				CLANG_WARN_OBJC_ROOT_CLASS = YES_ERROR;
				CLANG_WARN_SUSPICIOUS_MOVES = YES;
				CLANG_WARN_UNREACHABLE_CODE = YES;
				CLANG_WARN__DUPLICATE_METHOD_MATCH = YES;
				"CODE_SIGN_IDENTITY[sdk=iphoneos*]" = "iPhone Developer";
				COPY_PHASE_STRIP = NO;
				DEBUG_INFORMATION_FORMAT = "dwarf-with-dsym";
				ENABLE_NS_ASSERTIONS = NO;
				ENABLE_STRICT_OBJC_MSGSEND = YES;
				GCC_C_LANGUAGE_STANDARD = gnu99;
				GCC_NO_COMMON_BLOCKS = YES;
				GCC_WARN_64_TO_32_BIT_CONVERSION = YES;
				GCC_WARN_ABOUT_RETURN_TYPE = YES_ERROR;
				GCC_WARN_UNDECLARED_SELECTOR = YES;
				GCC_WARN_UNINITIALIZED_AUTOS = YES_AGGRESSIVE;
				GCC_WARN_UNUSED_FUNCTION = YES;
				GCC_WARN_UNUSED_VARIABLE = YES;
				IPHONEOS_DEPLOYMENT_TARGET = 10.0;
				MTL_ENABLE_DEBUG_INFO = NO;
				SDKROOT = iphoneos;
				SWIFT_OPTIMIZATION_LEVEL = "-Owholemodule";
				VALIDATE_PRODUCT = YES;
			};
			name = Release;
		};
		39694C4D1D8BF2A400A755CA /* Debug */ = {
			isa = XCBuildConfiguration;
			buildSettings = {
				ASSETCATALOG_COMPILER_APPICON_NAME = AppIcon;
				DEVELOPMENT_TEAM = SLHYE76MHB;
				INFOPLIST_FILE = CountSample/Info.plist;
				LD_RUNPATH_SEARCH_PATHS = "$(inherited) @executable_path/Frameworks";
				PRODUCT_BUNDLE_IDENTIFIER = tv.shinoki.CountSample;
				PRODUCT_NAME = "$(TARGET_NAME)";
				SWIFT_VERSION = 3.0;
			};
			name = Debug;
		};
		39694C4E1D8BF2A400A755CA /* Release */ = {
			isa = XCBuildConfiguration;
			buildSettings = {
				ASSETCATALOG_COMPILER_APPICON_NAME = AppIcon;
				DEVELOPMENT_TEAM = SLHYE76MHB;
				INFOPLIST_FILE = CountSample/Info.plist;
				LD_RUNPATH_SEARCH_PATHS = "$(inherited) @executable_path/Frameworks";
				PRODUCT_BUNDLE_IDENTIFIER = tv.shinoki.CountSample;
				PRODUCT_NAME = "$(TARGET_NAME)";
				SWIFT_VERSION = 3.0;
			};
			name = Release;
		};
/* End XCBuildConfiguration section */

/* Begin XCConfigurationList section */
		39694C351D8BF2A400A755CA /* Build configuration list for PBXProject "CountSample" */ = {
			isa = XCConfigurationList;
			buildConfigurations = (
				39694C4A1D8BF2A400A755CA /* Debug */,
				39694C4B1D8BF2A400A755CA /* Release */,
			);
			defaultConfigurationIsVisible = 0;
			defaultConfigurationName = Release;
		};
		39694C4C1D8BF2A400A755CA /* Build configuration list for PBXNativeTarget "CountSample" */ = {
			isa = XCConfigurationList;
			buildConfigurations = (
				39694C4D1D8BF2A400A755CA /* Debug */,
				39694C4E1D8BF2A400A755CA /* Release */,
			);
			defaultConfigurationIsVisible = 0;
		};
/* End XCConfigurationList section */
	};
	rootObject = 39694C321D8BF2A400A755CA /* Project object */;
}
