// !$*UTF8*$!
{
	archiveVersion = 1;
	classes = {
	};
	objectVersion = 46;
	objects = {

/* Begin PBXBuildFile section */
		391539D21D8B0A9F0000FE74 /* AppDelegate.swift in Sources */ = {isa = PBXBuildFile; fileRef = 391539D11D8B0A9F0000FE74 /* AppDelegate.swift */; };
		391539D41D8B0A9F0000FE74 /* ViewController.swift in Sources */ = {isa = PBXBuildFile; fileRef = 391539D31D8B0A9F0000FE74 /* ViewController.swift */; };
		391539D71D8B0A9F0000FE74 /* Main.storyboard in Resources */ = {isa = PBXBuildFile; fileRef = 391539D51D8B0A9F0000FE74 /* Main.storyboard */; };
		391539D91D8B0A9F0000FE74 /* Assets.xcassets in Resources */ = {isa = PBXBuildFile; fileRef = 391539D81D8B0A9F0000FE74 /* Assets.xcassets */; };
		391539DC1D8B0A9F0000FE74 /* LaunchScreen.storyboard in Resources */ = {isa = PBXBuildFile; fileRef = 391539DA1D8B0A9F0000FE74 /* LaunchScreen.storyboard */; };
		39882AEA1D8B0EAC00B95F4A /* TableViewCell.swift in Sources */ = {isa = PBXBuildFile; fileRef = 39882AE81D8B0EAC00B95F4A /* TableViewCell.swift */; };
		39882AEB1D8B0EAC00B95F4A /* TableViewCell.xib in Resources */ = {isa = PBXBuildFile; fileRef = 39882AE91D8B0EAC00B95F4A /* TableViewCell.xib */; };
/* End PBXBuildFile section */

/* Begin PBXFileReference section */
		391539CE1D8B0A9F0000FE74 /* TableViewSample.app */ = {isa = PBXFileReference; explicitFileType = wrapper.application; includeInIndex = 0; path = TableViewSample.app; sourceTree = BUILT_PRODUCTS_DIR; };
		391539D11D8B0A9F0000FE74 /* AppDelegate.swift */ = {isa = PBXFileReference; lastKnownFileType = sourcecode.swift; path = AppDelegate.swift; sourceTree = "<group>"; };
		391539D31D8B0A9F0000FE74 /* ViewController.swift */ = {isa = PBXFileReference; lastKnownFileType = sourcecode.swift; path = ViewController.swift; sourceTree = "<group>"; };
		391539D61D8B0A9F0000FE74 /* Base */ = {isa = PBXFileReference; lastKnownFileType = file.storyboard; name = Base; path = Base.lproj/Main.storyboard; sourceTree = "<group>"; };
		391539D81D8B0A9F0000FE74 /* Assets.xcassets */ = {isa = PBXFileReference; lastKnownFileType = folder.assetcatalog; path = Assets.xcassets; sourceTree = "<group>"; };
		391539DB1D8B0A9F0000FE74 /* Base */ = {isa = PBXFileReference; lastKnownFileType = file.storyboard; name = Base; path = Base.lproj/LaunchScreen.storyboard; sourceTree = "<group>"; };
		391539DD1D8B0A9F0000FE74 /* Info.plist */ = {isa = PBXFileReference; lastKnownFileType = text.plist.xml; path = Info.plist; sourceTree = "<group>"; };
		39882AE81D8B0EAC00B95F4A /* TableViewCell.swift */ = {isa = PBXFileReference; fileEncoding = 4; lastKnownFileType = sourcecode.swift; name = TableViewCell.swift; path = TableViewCell/TableViewCell.swift; sourceTree = "<group>"; };
		39882AE91D8B0EAC00B95F4A /* TableViewCell.xib */ = {isa = PBXFileReference; fileEncoding = 4; lastKnownFileType = file.xib; name = TableViewCell.xib; path = TableViewCell/TableViewCell.xib; sourceTree = "<group>"; };
/* End PBXFileReference section */

/* Begin PBXFrameworksBuildPhase section */
		391539CB1D8B0A9F0000FE74 /* Frameworks */ = {
			isa = PBXFrameworksBuildPhase;
			buildActionMask = 2147483647;
			files = (
			);
			runOnlyForDeploymentPostprocessing = 0;
		};
/* End PBXFrameworksBuildPhase section */

/* Begin PBXGroup section */
		391539C51D8B0A9F0000FE74 = {
			isa = PBXGroup;
			children = (
				391539D01D8B0A9F0000FE74 /* TableViewSample */,
				391539CF1D8B0A9F0000FE74 /* Products */,
			);
			sourceTree = "<group>";
		};
		391539CF1D8B0A9F0000FE74 /* Products */ = {
			isa = PBXGroup;
			children = (
				391539CE1D8B0A9F0000FE74 /* TableViewSample.app */,
			);
			name = Products;
			sourceTree = "<group>";
		};
		391539D01D8B0A9F0000FE74 /* TableViewSample */ = {
			isa = PBXGroup;
			children = (
				39882AEC1D8B0EB400B95F4A /* TableViewCell */,
				391539D11D8B0A9F0000FE74 /* AppDelegate.swift */,
				391539D31D8B0A9F0000FE74 /* ViewController.swift */,
				391539D51D8B0A9F0000FE74 /* Main.storyboard */,
				391539D81D8B0A9F0000FE74 /* Assets.xcassets */,
				391539DA1D8B0A9F0000FE74 /* LaunchScreen.storyboard */,
				391539DD1D8B0A9F0000FE74 /* Info.plist */,
			);
			path = TableViewSample;
			sourceTree = "<group>";
		};
		39882AEC1D8B0EB400B95F4A /* TableViewCell */ = {
			isa = PBXGroup;
			children = (
				39882AE81D8B0EAC00B95F4A /* TableViewCell.swift */,
				39882AE91D8B0EAC00B95F4A /* TableViewCell.xib */,
			);
			name = TableViewCell;
			sourceTree = "<group>";
		};
/* End PBXGroup section */

/* Begin PBXNativeTarget section */
		391539CD1D8B0A9F0000FE74 /* TableViewSample */ = {
			isa = PBXNativeTarget;
			buildConfigurationList = 391539E01D8B0A9F0000FE74 /* Build configuration list for PBXNativeTarget "TableViewSample" */;
			buildPhases = (
				391539CA1D8B0A9F0000FE74 /* Sources */,
				391539CB1D8B0A9F0000FE74 /* Frameworks */,
				391539CC1D8B0A9F0000FE74 /* Resources */,
			);
			buildRules = (
			);
			dependencies = (
			);
			name = TableViewSample;
			productName = TableViewSample;
			productReference = 391539CE1D8B0A9F0000FE74 /* TableViewSample.app */;
			productType = "com.apple.product-type.application";
		};
/* End PBXNativeTarget section */

/* Begin PBXProject section */
		391539C61D8B0A9F0000FE74 /* Project object */ = {
			isa = PBXProject;
			attributes = {
				LastSwiftUpdateCheck = 0800;
				LastUpgradeCheck = 0800;
				ORGANIZATIONNAME = ShinokiRyosei;
				TargetAttributes = {
					391539CD1D8B0A9F0000FE74 = {
						CreatedOnToolsVersion = 8.0;
						DevelopmentTeam = SLHYE76MHB;
						ProvisioningStyle = Automatic;
					};
				};
			};
			buildConfigurationList = 391539C91D8B0A9F0000FE74 /* Build configuration list for PBXProject "TableViewSample" */;
			compatibilityVersion = "Xcode 3.2";
			developmentRegion = English;
			hasScannedForEncodings = 0;
			knownRegions = (
				en,
				Base,
			);
			mainGroup = 391539C51D8B0A9F0000FE74;
			productRefGroup = 391539CF1D8B0A9F0000FE74 /* Products */;
			projectDirPath = "";
			projectRoot = "";
			targets = (
				391539CD1D8B0A9F0000FE74 /* TableViewSample */,
			);
		};
/* End PBXProject section */

/* Begin PBXResourcesBuildPhase section */
		391539CC1D8B0A9F0000FE74 /* Resources */ = {
			isa = PBXResourcesBuildPhase;
			buildActionMask = 2147483647;
			files = (
				391539DC1D8B0A9F0000FE74 /* LaunchScreen.storyboard in Resources */,
				39882AEB1D8B0EAC00B95F4A /* TableViewCell.xib in Resources */,
				391539D91D8B0A9F0000FE74 /* Assets.xcassets in Resources */,
				391539D71D8B0A9F0000FE74 /* Main.storyboard in Resources */,
			);
			runOnlyForDeploymentPostprocessing = 0;
		};
/* End PBXResourcesBuildPhase section */

/* Begin PBXSourcesBuildPhase section */
		391539CA1D8B0A9F0000FE74 /* Sources */ = {
			isa = PBXSourcesBuildPhase;
			buildActionMask = 2147483647;
			files = (
				39882AEA1D8B0EAC00B95F4A /* TableViewCell.swift in Sources */,
				391539D41D8B0A9F0000FE74 /* ViewController.swift in Sources */,
				391539D21D8B0A9F0000FE74 /* AppDelegate.swift in Sources */,
			);
			runOnlyForDeploymentPostprocessing = 0;
		};
/* End PBXSourcesBuildPhase section */

/* Begin PBXVariantGroup section */
		391539D51D8B0A9F0000FE74 /* Main.storyboard */ = {
			isa = PBXVariantGroup;
			children = (
				391539D61D8B0A9F0000FE74 /* Base */,
			);
			name = Main.storyboard;
			sourceTree = "<group>";
		};
		391539DA1D8B0A9F0000FE74 /* LaunchScreen.storyboard */ = {
			isa = PBXVariantGroup;
			children = (
				391539DB1D8B0A9F0000FE74 /* Base */,
			);
			name = LaunchScreen.storyboard;
			sourceTree = "<group>";
		};
/* End PBXVariantGroup section */

/* Begin XCBuildConfiguration section */
		391539DE1D8B0A9F0000FE74 /* Debug */ = {
			isa = XCBuildConfiguration;
			buildSettings = {
				ALWAYS_SEARCH_USER_PATHS = NO;
				CLANG_ANALYZER_NONNULL = YES;
				CLANG_CXX_LANGUAGE_STANDARD = "gnu++0x";
				CLANG_CXX_LIBRARY = "libc++";
				CLANG_ENABLE_MODULES = YES;
				CLANG_ENABLE_OBJC_ARC = YES;
				CLANG_WARN_BOOL_CONVERSION = YES;
				CLANG_WARN_CONSTANT_CONVERSION = YES;
				CLANG_WARN_DIRECT_OBJC_ISA_USAGE = YES_ERROR;
				CLANG_WARN_DOCUMENTATION_COMMENTS = YES;
				CLANG_WARN_EMPTY_BODY = YES;
				CLANG_WARN_ENUM_CONVERSION = YES;
				CLANG_WARN_INFINITE_RECURSION = YES;
				CLANG_WARN_INT_CONVERSION = YES;
				CLANG_WARN_OBJC_ROOT_CLASS = YES_ERROR;
				CLANG_WARN_SUSPICIOUS_MOVES = YES;
				CLANG_WARN_UNREACHABLE_CODE = YES;
				CLANG_WARN__DUPLICATE_METHOD_MATCH = YES;
				"CODE_SIGN_IDENTITY[sdk=iphoneos*]" = "iPhone Developer";
				COPY_PHASE_STRIP = NO;
				DEBUG_INFORMATION_FORMAT = dwarf;
				ENABLE_STRICT_OBJC_MSGSEND = YES;
				ENABLE_TESTABILITY = YES;
				GCC_C_LANGUAGE_STANDARD = gnu99;
				GCC_DYNAMIC_NO_PIC = NO;
				GCC_NO_COMMON_BLOCKS = YES;
				GCC_OPTIMIZATION_LEVEL = 0;
				GCC_PREPROCESSOR_DEFINITIONS = (
					"DEBUG=1",
					"$(inherited)",
				);
				GCC_WARN_64_TO_32_BIT_CONVERSION = YES;
				GCC_WARN_ABOUT_RETURN_TYPE = YES_ERROR;
				GCC_WARN_UNDECLARED_SELECTOR = YES;
				GCC_WARN_UNINITIALIZED_AUTOS = YES_AGGRESSIVE;
				GCC_WARN_UNUSED_FUNCTION = YES;
				GCC_WARN_UNUSED_VARIABLE = YES;
				IPHONEOS_DEPLOYMENT_TARGET = 10.0;
				MTL_ENABLE_DEBUG_INFO = YES;
				ONLY_ACTIVE_ARCH = YES;
				SDKROOT = iphoneos;
				SWIFT_ACTIVE_COMPILATION_CONDITIONS = DEBUG;
				SWIFT_OPTIMIZATION_LEVEL = "-Onone";
			};
			name = Debug;
		};
		391539DF1D8B0A9F0000FE74 /* Release */ = {
			isa = XCBuildConfiguration;
			buildSettings = {
				ALWAYS_SEARCH_USER_PATHS = NO;
				CLANG_ANALYZER_NONNULL = YES;
				CLANG_CXX_LANGUAGE_STANDARD = "gnu++0x";
				CLANG_CXX_LIBRARY = "libc++";
				CLANG_ENABLE_MODULES = YES;
				CLANG_ENABLE_OBJC_ARC = YES;
				CLANG_WARN_BOOL_CONVERSION = YES;
				CLANG_WARN_CONSTANT_CONVERSION = YES;
				CLANG_WARN_DIRECT_OBJC_ISA_USAGE = YES_ERROR;
				CLANG_WARN_DOCUMENTATION_COMMENTS = YES;
				CLANG_WARN_EMPTY_BODY = YES;
				CLANG_WARN_ENUM_CONVERSION = YES;
				CLANG_WARN_INFINITE_RECURSION = YES;
				CLANG_WARN_INT_CONVERSION = YES;
				CLANG_WARN_OBJC_ROOT_CLASS = YES_ERROR;
				CLANG_WARN_SUSPICIOUS_MOVES = YES;
				CLANG_WARN_UNREACHABLE_CODE = YES;
				CLANG_WARN__DUPLICATE_METHOD_MATCH = YES;
				"CODE_SIGN_IDENTITY[sdk=iphoneos*]" = "iPhone Developer";
				COPY_PHASE_STRIP = NO;
				DEBUG_INFORMATION_FORMAT = "dwarf-with-dsym";
				ENABLE_NS_ASSERTIONS = NO;
				ENABLE_STRICT_OBJC_MSGSEND = YES;
				GCC_C_LANGUAGE_STANDARD = gnu99;
				GCC_NO_COMMON_BLOCKS = YES;
				GCC_WARN_64_TO_32_BIT_CONVERSION = YES;
				GCC_WARN_ABOUT_RETURN_TYPE = YES_ERROR;
				GCC_WARN_UNDECLARED_SELECTOR = YES;
				GCC_WARN_UNINITIALIZED_AUTOS = YES_AGGRESSIVE;
				GCC_WARN_UNUSED_FUNCTION = YES;
				GCC_WARN_UNUSED_VARIABLE = YES;
				IPHONEOS_DEPLOYMENT_TARGET = 10.0;
				MTL_ENABLE_DEBUG_INFO = NO;
				SDKROOT = iphoneos;
				SWIFT_OPTIMIZATION_LEVEL = "-Owholemodule";
				VALIDATE_PRODUCT = YES;
			};
			name = Release;
		};
		391539E11D8B0A9F0000FE74 /* Debug */ = {
			isa = XCBuildConfiguration;
			buildSettings = {
				ASSETCATALOG_COMPILER_APPICON_NAME = AppIcon;
				DEVELOPMENT_TEAM = SLHYE76MHB;
				INFOPLIST_FILE = TableViewSample/Info.plist;
				LD_RUNPATH_SEARCH_PATHS = "$(inherited) @executable_path/Frameworks";
				PRODUCT_BUNDLE_IDENTIFIER = tv.shinoki.TableViewSample;
				PRODUCT_NAME = "$(TARGET_NAME)";
				SWIFT_VERSION = 3.0;
			};
			name = Debug;
		};
		391539E21D8B0A9F0000FE74 /* Release */ = {
			isa = XCBuildConfiguration;
			buildSettings = {
				ASSETCATALOG_COMPILER_APPICON_NAME = AppIcon;
				DEVELOPMENT_TEAM = SLHYE76MHB;
				INFOPLIST_FILE = TableViewSample/Info.plist;
				LD_RUNPATH_SEARCH_PATHS = "$(inherited) @executable_path/Frameworks";
				PRODUCT_BUNDLE_IDENTIFIER = tv.shinoki.TableViewSample;
				PRODUCT_NAME = "$(TARGET_NAME)";
				SWIFT_VERSION = 3.0;
			};
			name = Release;
		};
/* End XCBuildConfiguration section */

/* Begin XCConfigurationList section */
		391539C91D8B0A9F0000FE74 /* Build configuration list for PBXProject "TableViewSample" */ = {
			isa = XCConfigurationList;
			buildConfigurations = (
				391539DE1D8B0A9F0000FE74 /* Debug */,
				391539DF1D8B0A9F0000FE74 /* Release */,
			);
			defaultConfigurationIsVisible = 0;
			defaultConfigurationName = Release;
		};
		391539E01D8B0A9F0000FE74 /* Build configuration list for PBXNativeTarget "TableViewSample" */ = {
			isa = XCConfigurationList;
			buildConfigurations = (
				391539E11D8B0A9F0000FE74 /* Debug */,
				391539E21D8B0A9F0000FE74 /* Release */,
			);
			defaultConfigurationIsVisible = 0;
			defaultConfigurationName = Release;
		};
/* End XCConfigurationList section */
	};
	rootObject = 391539C61D8B0A9F0000FE74 /* Project object */;
}
